
Microsoft Visual Studio Solution File, Format Version 12.00
# Visual Studio Version 16
VisualStudioVersion = 16.0.31005.135
MinimumVisualStudioVersion = 10.0.40219.1
Project("{FAE04EC0-301F-11D3-BF4B-00C04F79EFBC}") = "chp1.ArithmaticOperators", "ArithmaticOperators\chp1.ArithmaticOperators.csproj", "{9EA220FE-E902-42BE-9CB2-5882E59495B9}"
EndProject
Project("{FAE04EC0-301F-11D3-BF4B-00C04F79EFBC}") = "chp2.IncDecOperator", "chp2.IncDecOperator\chp2.IncDecOperator.csproj", "{82259DC5-97E5-426F-B27C-A05C00E0478A}"
EndProject
Project("{FAE04EC0-301F-11D3-BF4B-00C04F79EFBC}") = "chp3.StringConcatenate", "StringConcatenate\chp3.StringConcatenate.csproj", "{516D3F8E-D23C-4A9B-BCCC-9EBD30626C85}"
EndProject
Project("{FAE04EC0-301F-11D3-BF4B-00C04F79EFBC}") = "chp4.RelationalOperator", "chp4.ReltionalOperator\chp4.RelationalOperator.csproj", "{9675DE33-278B-4CC4-8A1C-E3EC0710AA6D}"
EndProject
Project("{FAE04EC0-301F-11D3-BF4B-00C04F79EFBC}") = "chp5.LogicalOperator", "LogicalOperator\chp5.LogicalOperator.csproj", "{86259FD0-2E28-4D32-A308-1A5DA7B4ECC7}"
EndProject
Project("{FAE04EC0-301F-11D3-BF4B-00C04F79EFBC}") = "chp6.ConditionalOperator", "chp6.ConditionalOperator\chp6.ConditionalOperator.csproj", "{4DD4662B-BF59-42F5-9AAE-7512D395F3A6}"
EndProject
Project("{FAE04EC0-301F-11D3-BF4B-00C04F79EFBC}") = "chp7.NullConditionalOperator", "chp7.NullConditionalOperator\chp7.NullConditionalOperator.csproj", "{96BF80B1-93AC-47F0-A432-16F22D98A6DA}"
EndProject
Global
	GlobalSection(SolutionConfigurationPlatforms) = preSolution
		Debug|Any CPU = Debug|Any CPU
		Release|Any CPU = Release|Any CPU
	EndGlobalSection
	GlobalSection(ProjectConfigurationPlatforms) = postSolution
		{9EA220FE-E902-42BE-9CB2-5882E59495B9}.Debug|Any CPU.ActiveCfg = Debug|Any CPU
		{9EA220FE-E902-42BE-9CB2-5882E59495B9}.Debug|Any CPU.Build.0 = Debug|Any CPU
		{9EA220FE-E902-42BE-9CB2-5882E59495B9}.Release|Any CPU.ActiveCfg = Release|Any CPU
		{9EA220FE-E902-42BE-9CB2-5882E59495B9}.Release|Any CPU.Build.0 = Release|Any CPU
		{82259DC5-97E5-426F-B27C-A05C00E0478A}.Debug|Any CPU.ActiveCfg = Debug|Any CPU
		{82259DC5-97E5-426F-B27C-A05C00E0478A}.Debug|Any CPU.Build.0 = Debug|Any CPU
		{82259DC5-97E5-426F-B27C-A05C00E0478A}.Release|Any CPU.ActiveCfg = Release|Any CPU
		{82259DC5-97E5-426F-B27C-A05C00E0478A}.Release|Any CPU.Build.0 = Release|Any CPU
		{516D3F8E-D23C-4A9B-BCCC-9EBD30626C85}.Debug|Any CPU.ActiveCfg = Debug|Any CPU
		{516D3F8E-D23C-4A9B-BCCC-9EBD30626C85}.Debug|Any CPU.Build.0 = Debug|Any CPU
		{516D3F8E-D23C-4A9B-BCCC-9EBD30626C85}.Release|Any CPU.ActiveCfg = Release|Any CPU
		{516D3F8E-D23C-4A9B-BCCC-9EBD30626C85}.Release|Any CPU.Build.0 = Release|Any CPU
		{9675DE33-278B-4CC4-8A1C-E3EC0710AA6D}.Debug|Any CPU.ActiveCfg = Debug|Any CPU
		{9675DE33-278B-4CC4-8A1C-E3EC0710AA6D}.Debug|Any CPU.Build.0 = Debug|Any CPU
		{9675DE33-278B-4CC4-8A1C-E3EC0710AA6D}.Release|Any CPU.ActiveCfg = Release|Any CPU
		{9675DE33-278B-4CC4-8A1C-E3EC0710AA6D}.Release|Any CPU.Build.0 = Release|Any CPU
		{86259FD0-2E28-4D32-A308-1A5DA7B4ECC7}.Debug|Any CPU.ActiveCfg = Debug|Any CPU
		{86259FD0-2E28-4D32-A308-1A5DA7B4ECC7}.Debug|Any CPU.Build.0 = Debug|Any CPU
		{86259FD0-2E28-4D32-A308-1A5DA7B4ECC7}.Release|Any CPU.ActiveCfg = Release|Any CPU
		{86259FD0-2E28-4D32-A308-1A5DA7B4ECC7}.Release|Any CPU.Build.0 = Release|Any CPU
		{4DD4662B-BF59-42F5-9AAE-7512D395F3A6}.Debug|Any CPU.ActiveCfg = Debug|Any CPU
		{4DD4662B-BF59-42F5-9AAE-7512D395F3A6}.Debug|Any CPU.Build.0 = Debug|Any CPU
		{4DD4662B-BF59-42F5-9AAE-7512D395F3A6}.Release|Any CPU.ActiveCfg = Release|Any CPU
		{4DD4662B-BF59-42F5-9AAE-7512D395F3A6}.Release|Any CPU.Build.0 = Release|Any CPU
		{96BF80B1-93AC-47F0-A432-16F22D98A6DA}.Debug|Any CPU.ActiveCfg = Debug|Any CPU
		{96BF80B1-93AC-47F0-A432-16F22D98A6DA}.Debug|Any CPU.Build.0 = Debug|Any CPU
		{96BF80B1-93AC-47F0-A432-16F22D98A6DA}.Release|Any CPU.ActiveCfg = Release|Any CPU
		{96BF80B1-93AC-47F0-A432-16F22D98A6DA}.Release|Any CPU.Build.0 = Release|Any CPU
	EndGlobalSection
	GlobalSection(SolutionProperties) = preSolution
		HideSolutionNode = FALSE
	EndGlobalSection
	GlobalSection(ExtensibilityGlobals) = postSolution
		SolutionGuid = {6E1C324F-200F-48C2-B2CA-7BCFDA2FBFC1}
	EndGlobalSection
EndGlobal
