
Microsoft Visual Studio Solution File, Format Version 12.00
# Visual Studio Version 16
VisualStudioVersion = 16.0.31005.135
MinimumVisualStudioVersion = 10.0.40219.1
Project("{FAE04EC0-301F-11D3-BF4B-00C04F79EFBC}") = "chp01.IfElse", "chp01.IfElse\chp01.IfElse.csproj", "{CA2C9A88-FFAD-44FE-A479-1A9C6FDA948A}"
EndProject
Project("{FAE04EC0-301F-11D3-BF4B-00C04F79EFBC}") = "chp02.IfIf", "chp02.IfIf\chp02.IfIf.csproj", "{14D7D0EC-AD18-4D06-BD5E-97F81E3A2DAF}"
EndProject
Project("{FAE04EC0-301F-11D3-BF4B-00C04F79EFBC}") = "chp03.Switch", "chp03.Switch\chp03.Switch.csproj", "{015DC57B-61EF-4C87-BBD3-0F061916A339}"
EndProject
Project("{FAE04EC0-301F-11D3-BF4B-00C04F79EFBC}") = "chp04.Switch2", "chp04.Switch2\chp04.Switch2.csproj", "{A4A3B902-E3EB-47E1-B6A5-6D433D096217}"
EndProject
Project("{FAE04EC0-301F-11D3-BF4B-00C04F79EFBC}") = "chp05.SwitchExp", "chp05.SwitchExp\chp05.SwitchExp.csproj", "{BB869641-4614-4D13-849A-DE8D35DA63D2}"
EndProject
Global
	GlobalSection(SolutionConfigurationPlatforms) = preSolution
		Debug|Any CPU = Debug|Any CPU
		Release|Any CPU = Release|Any CPU
	EndGlobalSection
	GlobalSection(ProjectConfigurationPlatforms) = postSolution
		{CA2C9A88-FFAD-44FE-A479-1A9C6FDA948A}.Debug|Any CPU.ActiveCfg = Debug|Any CPU
		{CA2C9A88-FFAD-44FE-A479-1A9C6FDA948A}.Debug|Any CPU.Build.0 = Debug|Any CPU
		{CA2C9A88-FFAD-44FE-A479-1A9C6FDA948A}.Release|Any CPU.ActiveCfg = Release|Any CPU
		{CA2C9A88-FFAD-44FE-A479-1A9C6FDA948A}.Release|Any CPU.Build.0 = Release|Any CPU
		{14D7D0EC-AD18-4D06-BD5E-97F81E3A2DAF}.Debug|Any CPU.ActiveCfg = Debug|Any CPU
		{14D7D0EC-AD18-4D06-BD5E-97F81E3A2DAF}.Debug|Any CPU.Build.0 = Debug|Any CPU
		{14D7D0EC-AD18-4D06-BD5E-97F81E3A2DAF}.Release|Any CPU.ActiveCfg = Release|Any CPU
		{14D7D0EC-AD18-4D06-BD5E-97F81E3A2DAF}.Release|Any CPU.Build.0 = Release|Any CPU
		{015DC57B-61EF-4C87-BBD3-0F061916A339}.Debug|Any CPU.ActiveCfg = Debug|Any CPU
		{015DC57B-61EF-4C87-BBD3-0F061916A339}.Debug|Any CPU.Build.0 = Debug|Any CPU
		{015DC57B-61EF-4C87-BBD3-0F061916A339}.Release|Any CPU.ActiveCfg = Release|Any CPU
		{015DC57B-61EF-4C87-BBD3-0F061916A339}.Release|Any CPU.Build.0 = Release|Any CPU
		{A4A3B902-E3EB-47E1-B6A5-6D433D096217}.Debug|Any CPU.ActiveCfg = Debug|Any CPU
		{A4A3B902-E3EB-47E1-B6A5-6D433D096217}.Debug|Any CPU.Build.0 = Debug|Any CPU
		{A4A3B902-E3EB-47E1-B6A5-6D433D096217}.Release|Any CPU.ActiveCfg = Release|Any CPU
		{A4A3B902-E3EB-47E1-B6A5-6D433D096217}.Release|Any CPU.Build.0 = Release|Any CPU
		{BB869641-4614-4D13-849A-DE8D35DA63D2}.Debug|Any CPU.ActiveCfg = Debug|Any CPU
		{BB869641-4614-4D13-849A-DE8D35DA63D2}.Debug|Any CPU.Build.0 = Debug|Any CPU
		{BB869641-4614-4D13-849A-DE8D35DA63D2}.Release|Any CPU.ActiveCfg = Release|Any CPU
		{BB869641-4614-4D13-849A-DE8D35DA63D2}.Release|Any CPU.Build.0 = Release|Any CPU
	EndGlobalSection
	GlobalSection(SolutionProperties) = preSolution
		HideSolutionNode = FALSE
	EndGlobalSection
	GlobalSection(ExtensibilityGlobals) = postSolution
		SolutionGuid = {74D2A071-68A9-4CB6-A248-435E34391561}
	EndGlobalSection
EndGlobal
