
Microsoft Visual Studio Solution File, Format Version 12.00
# Visual Studio Version 16
VisualStudioVersion = 16.0.31005.135
MinimumVisualStudioVersion = 10.0.40219.1
Project("{FAE04EC0-301F-11D3-BF4B-00C04F79EFBC}") = "chp01.BasicClass", "chp01.BasicClass\chp01.BasicClass.csproj", "{6F6CB6A6-0C13-4735-92B3-EA55EDEA4CB0}"
EndProject
Project("{FAE04EC0-301F-11D3-BF4B-00C04F79EFBC}") = "chp02.Constructor", "chp02.Constructor\chp02.Constructor.csproj", "{9C47D1BE-93A2-449E-AC78-7C5ECA01555E}"
EndProject
Global
	GlobalSection(SolutionConfigurationPlatforms) = preSolution
		Debug|Any CPU = Debug|Any CPU
		Release|Any CPU = Release|Any CPU
	EndGlobalSection
	GlobalSection(ProjectConfigurationPlatforms) = postSolution
		{6F6CB6A6-0C13-4735-92B3-EA55EDEA4CB0}.Debug|Any CPU.ActiveCfg = Debug|Any CPU
		{6F6CB6A6-0C13-4735-92B3-EA55EDEA4CB0}.Debug|Any CPU.Build.0 = Debug|Any CPU
		{6F6CB6A6-0C13-4735-92B3-EA55EDEA4CB0}.Release|Any CPU.ActiveCfg = Release|Any CPU
		{6F6CB6A6-0C13-4735-92B3-EA55EDEA4CB0}.Release|Any CPU.Build.0 = Release|Any CPU
		{9C47D1BE-93A2-449E-AC78-7C5ECA01555E}.Debug|Any CPU.ActiveCfg = Debug|Any CPU
		{9C47D1BE-93A2-449E-AC78-7C5ECA01555E}.Debug|Any CPU.Build.0 = Debug|Any CPU
		{9C47D1BE-93A2-449E-AC78-7C5ECA01555E}.Release|Any CPU.ActiveCfg = Release|Any CPU
		{9C47D1BE-93A2-449E-AC78-7C5ECA01555E}.Release|Any CPU.Build.0 = Release|Any CPU
	EndGlobalSection
	GlobalSection(SolutionProperties) = preSolution
		HideSolutionNode = FALSE
	EndGlobalSection
	GlobalSection(ExtensibilityGlobals) = postSolution
		SolutionGuid = {189D0635-424F-4F22-8938-7212A76F7AC0}
	EndGlobalSection
EndGlobal
