
Microsoft Visual Studio Solution File, Format Version 12.00
# Visual Studio Version 16
VisualStudioVersion = 16.0.31005.135
MinimumVisualStudioVersion = 10.0.40219.1
Project("{9A19103F-16F7-4668-BE54-9A1E7A4F7556}") = "chp01.BasicClass", "chp01.BasicClass\chp01.BasicClass.csproj", "{6F6CB6A6-0C13-4735-92B3-EA55EDEA4CB0}"
EndProject
Project("{9A19103F-16F7-4668-BE54-9A1E7A4F7556}") = "chp02.Constructor", "chp02.Constructor\chp02.Constructor.csproj", "{9C47D1BE-93A2-449E-AC78-7C5ECA01555E}"
EndProject
Project("{9A19103F-16F7-4668-BE54-9A1E7A4F7556}") = "chp03.StaticField", "chp03.StaticField\chp03.StaticField.csproj", "{7DE0FB08-346C-4FCE-A6CA-4091238B8AA6}"
EndProject
Project("{9A19103F-16F7-4668-BE54-9A1E7A4F7556}") = "chp04.DeepCopy", "chp04.DeepCopy\chp04.DeepCopy.csproj", "{3EE02332-7A38-4E4B-BF74-375AB64070B3}"
EndProject
Project("{9A19103F-16F7-4668-BE54-9A1E7A4F7556}") = "chp05.This", "chp05.This\chp05.This.csproj", "{0D79B041-C8EB-4BF6-8679-1B1746A48FE7}"
EndProject
Project("{9A19103F-16F7-4668-BE54-9A1E7A4F7556}") = "chp06.ThisConstructor", "chp06.ThisConstructor\chp06.ThisConstructor.csproj", "{DC5A892E-E1D7-46D6-A4A0-57FC9DB0CF30}"
EndProject
Project("{9A19103F-16F7-4668-BE54-9A1E7A4F7556}") = "chp07.AccessModifier", "chp07.AccessModifier\chp07.AccessModifier.csproj", "{08EC9D42-3196-4246-859A-853F85F2EE8C}"
EndProject
Project("{9A19103F-16F7-4668-BE54-9A1E7A4F7556}") = "chp08.Inheritance", "chp08.Inheritance\chp08.Inheritance.csproj", "{6ADB3480-35B7-4067-BC82-1F12492956F3}"
EndProject
Project("{9A19103F-16F7-4668-BE54-9A1E7A4F7556}") = "chp09.TypeCasting", "chp09.TypeCasting\chp09.TypeCasting.csproj", "{044CFA38-CFE9-46C4-9421-357AAB70A07A}"
EndProject
Project("{9A19103F-16F7-4668-BE54-9A1E7A4F7556}") = "chp10.Overriding", "chp10.Overriding\chp10.Overriding.csproj", "{9FFA979F-F9AD-471F-8892-C0F941005B33}"
EndProject
Project("{9A19103F-16F7-4668-BE54-9A1E7A4F7556}") = "chp11.MethodHiding", "chp11.MethodHiding\chp11.MethodHiding.csproj", "{90420AA3-10C3-4366-A58B-3247A8C74E4B}"
EndProject
Project("{9A19103F-16F7-4668-BE54-9A1E7A4F7556}") = "chp12.SealedMethod", "chp12.SealedMethod\chp12.SealedMethod.csproj", "{C726D257-FA5B-4752-8E3B-816EF0C9344F}"
EndProject
Project("{9A19103F-16F7-4668-BE54-9A1E7A4F7556}") = "chp13.ReadonlyFields", "chp13.ReadonlyFields\chp13.ReadonlyFields.csproj", "{762017F9-FC0C-479E-A3AA-87D23E992446}"
EndProject
Project("{9A19103F-16F7-4668-BE54-9A1E7A4F7556}") = "chp14.NestedClass", "chp14.NestedClass\chp14.NestedClass.csproj", "{99FEE923-CDA7-4955-8F39-38AE69CCE307}"
EndProject
Project("{9A19103F-16F7-4668-BE54-9A1E7A4F7556}") = "chp15.PartialClass", "chp15.PartialClass\chp15.PartialClass.csproj", "{8844E141-8B28-4F28-87F2-817BBFE20D81}"
EndProject
Project("{9A19103F-16F7-4668-BE54-9A1E7A4F7556}") = "chp16.ExtensionMethod", "chp16.ExtensionMethod\chp16.ExtensionMethod.csproj", "{F84B58E1-969E-42BE-AC69-30579AA54A44}"
EndProject
Project("{9A19103F-16F7-4668-BE54-9A1E7A4F7556}") = "vitaminQuiz.7-2", "vitaminQuiz.7-2\vitaminQuiz.7-2.csproj", "{04E528DB-A604-4ABB-8195-096F3AF21FF3}"
EndProject
Project("{9A19103F-16F7-4668-BE54-9A1E7A4F7556}") = "chp17.Structure", "chp17.Structure\chp17.Structure.csproj", "{9080AAB0-304C-40C5-9788-DE85F36AB84E}"
EndProject
Project("{9A19103F-16F7-4668-BE54-9A1E7A4F7556}") = "chp18.ReadonlyStruct", "chp18.ReadonlyStruct\chp18.ReadonlyStruct.csproj", "{17E2611E-E37E-4FF3-A1D0-64A6D967A6BB}"
EndProject
Project("{9A19103F-16F7-4668-BE54-9A1E7A4F7556}") = "chp19.ReadonlyMethod", "chp19.ReadonlyMethod\chp19.ReadonlyMethod.csproj", "{53B5A72A-D7A4-480C-80A5-E93117136BF5}"
EndProject
Project("{9A19103F-16F7-4668-BE54-9A1E7A4F7556}") = "chp20.Tuple", "chp20.Tuple\chp20.Tuple.csproj", "{0F480611-A5B4-43A4-9F27-A6FC546BB964}"
EndProject
Project("{9A19103F-16F7-4668-BE54-9A1E7A4F7556}") = "chp21.PositionalPattern", "chp21.PositionalPattern\chp21.PositionalPattern.csproj", "{C551E6E8-72BA-46B7-BF0D-089182B54A60}"
EndProject
Project("{9A19103F-16F7-4668-BE54-9A1E7A4F7556}") = "연습문제7", "연습문제7\연습문제7.csproj", "{166D29F4-2FC2-4B67-8125-E33D39D075E0}"
EndProject
Project("{FAE04EC0-301F-11D3-BF4B-00C04F79EFBC}") = "chp04-1.ICloneable", "chp04-1.ICloneable\chp04-1.ICloneable.csproj", "{0A010D75-13B9-43FC-B858-ABB83B8C004A}"
EndProject
Global
	GlobalSection(SolutionConfigurationPlatforms) = preSolution
		Debug|Any CPU = Debug|Any CPU
		Release|Any CPU = Release|Any CPU
	EndGlobalSection
	GlobalSection(ProjectConfigurationPlatforms) = postSolution
		{6F6CB6A6-0C13-4735-92B3-EA55EDEA4CB0}.Debug|Any CPU.ActiveCfg = Debug|Any CPU
		{6F6CB6A6-0C13-4735-92B3-EA55EDEA4CB0}.Debug|Any CPU.Build.0 = Debug|Any CPU
		{6F6CB6A6-0C13-4735-92B3-EA55EDEA4CB0}.Release|Any CPU.ActiveCfg = Release|Any CPU
		{6F6CB6A6-0C13-4735-92B3-EA55EDEA4CB0}.Release|Any CPU.Build.0 = Release|Any CPU
		{9C47D1BE-93A2-449E-AC78-7C5ECA01555E}.Debug|Any CPU.ActiveCfg = Debug|Any CPU
		{9C47D1BE-93A2-449E-AC78-7C5ECA01555E}.Debug|Any CPU.Build.0 = Debug|Any CPU
		{9C47D1BE-93A2-449E-AC78-7C5ECA01555E}.Release|Any CPU.ActiveCfg = Release|Any CPU
		{9C47D1BE-93A2-449E-AC78-7C5ECA01555E}.Release|Any CPU.Build.0 = Release|Any CPU
		{7DE0FB08-346C-4FCE-A6CA-4091238B8AA6}.Debug|Any CPU.ActiveCfg = Debug|Any CPU
		{7DE0FB08-346C-4FCE-A6CA-4091238B8AA6}.Debug|Any CPU.Build.0 = Debug|Any CPU
		{7DE0FB08-346C-4FCE-A6CA-4091238B8AA6}.Release|Any CPU.ActiveCfg = Release|Any CPU
		{7DE0FB08-346C-4FCE-A6CA-4091238B8AA6}.Release|Any CPU.Build.0 = Release|Any CPU
		{3EE02332-7A38-4E4B-BF74-375AB64070B3}.Debug|Any CPU.ActiveCfg = Debug|Any CPU
		{3EE02332-7A38-4E4B-BF74-375AB64070B3}.Debug|Any CPU.Build.0 = Debug|Any CPU
		{3EE02332-7A38-4E4B-BF74-375AB64070B3}.Release|Any CPU.ActiveCfg = Release|Any CPU
		{3EE02332-7A38-4E4B-BF74-375AB64070B3}.Release|Any CPU.Build.0 = Release|Any CPU
		{0D79B041-C8EB-4BF6-8679-1B1746A48FE7}.Debug|Any CPU.ActiveCfg = Debug|Any CPU
		{0D79B041-C8EB-4BF6-8679-1B1746A48FE7}.Debug|Any CPU.Build.0 = Debug|Any CPU
		{0D79B041-C8EB-4BF6-8679-1B1746A48FE7}.Release|Any CPU.ActiveCfg = Release|Any CPU
		{0D79B041-C8EB-4BF6-8679-1B1746A48FE7}.Release|Any CPU.Build.0 = Release|Any CPU
		{DC5A892E-E1D7-46D6-A4A0-57FC9DB0CF30}.Debug|Any CPU.ActiveCfg = Debug|Any CPU
		{DC5A892E-E1D7-46D6-A4A0-57FC9DB0CF30}.Debug|Any CPU.Build.0 = Debug|Any CPU
		{DC5A892E-E1D7-46D6-A4A0-57FC9DB0CF30}.Release|Any CPU.ActiveCfg = Release|Any CPU
		{DC5A892E-E1D7-46D6-A4A0-57FC9DB0CF30}.Release|Any CPU.Build.0 = Release|Any CPU
		{08EC9D42-3196-4246-859A-853F85F2EE8C}.Debug|Any CPU.ActiveCfg = Debug|Any CPU
		{08EC9D42-3196-4246-859A-853F85F2EE8C}.Debug|Any CPU.Build.0 = Debug|Any CPU
		{08EC9D42-3196-4246-859A-853F85F2EE8C}.Release|Any CPU.ActiveCfg = Release|Any CPU
		{08EC9D42-3196-4246-859A-853F85F2EE8C}.Release|Any CPU.Build.0 = Release|Any CPU
		{6ADB3480-35B7-4067-BC82-1F12492956F3}.Debug|Any CPU.ActiveCfg = Debug|Any CPU
		{6ADB3480-35B7-4067-BC82-1F12492956F3}.Debug|Any CPU.Build.0 = Debug|Any CPU
		{6ADB3480-35B7-4067-BC82-1F12492956F3}.Release|Any CPU.ActiveCfg = Release|Any CPU
		{6ADB3480-35B7-4067-BC82-1F12492956F3}.Release|Any CPU.Build.0 = Release|Any CPU
		{044CFA38-CFE9-46C4-9421-357AAB70A07A}.Debug|Any CPU.ActiveCfg = Debug|Any CPU
		{044CFA38-CFE9-46C4-9421-357AAB70A07A}.Debug|Any CPU.Build.0 = Debug|Any CPU
		{044CFA38-CFE9-46C4-9421-357AAB70A07A}.Release|Any CPU.ActiveCfg = Release|Any CPU
		{044CFA38-CFE9-46C4-9421-357AAB70A07A}.Release|Any CPU.Build.0 = Release|Any CPU
		{9FFA979F-F9AD-471F-8892-C0F941005B33}.Debug|Any CPU.ActiveCfg = Debug|Any CPU
		{9FFA979F-F9AD-471F-8892-C0F941005B33}.Debug|Any CPU.Build.0 = Debug|Any CPU
		{9FFA979F-F9AD-471F-8892-C0F941005B33}.Release|Any CPU.ActiveCfg = Release|Any CPU
		{9FFA979F-F9AD-471F-8892-C0F941005B33}.Release|Any CPU.Build.0 = Release|Any CPU
		{90420AA3-10C3-4366-A58B-3247A8C74E4B}.Debug|Any CPU.ActiveCfg = Debug|Any CPU
		{90420AA3-10C3-4366-A58B-3247A8C74E4B}.Debug|Any CPU.Build.0 = Debug|Any CPU
		{90420AA3-10C3-4366-A58B-3247A8C74E4B}.Release|Any CPU.ActiveCfg = Release|Any CPU
		{90420AA3-10C3-4366-A58B-3247A8C74E4B}.Release|Any CPU.Build.0 = Release|Any CPU
		{C726D257-FA5B-4752-8E3B-816EF0C9344F}.Debug|Any CPU.ActiveCfg = Debug|Any CPU
		{C726D257-FA5B-4752-8E3B-816EF0C9344F}.Debug|Any CPU.Build.0 = Debug|Any CPU
		{C726D257-FA5B-4752-8E3B-816EF0C9344F}.Release|Any CPU.ActiveCfg = Release|Any CPU
		{C726D257-FA5B-4752-8E3B-816EF0C9344F}.Release|Any CPU.Build.0 = Release|Any CPU
		{762017F9-FC0C-479E-A3AA-87D23E992446}.Debug|Any CPU.ActiveCfg = Debug|Any CPU
		{762017F9-FC0C-479E-A3AA-87D23E992446}.Debug|Any CPU.Build.0 = Debug|Any CPU
		{762017F9-FC0C-479E-A3AA-87D23E992446}.Release|Any CPU.ActiveCfg = Release|Any CPU
		{762017F9-FC0C-479E-A3AA-87D23E992446}.Release|Any CPU.Build.0 = Release|Any CPU
		{99FEE923-CDA7-4955-8F39-38AE69CCE307}.Debug|Any CPU.ActiveCfg = Debug|Any CPU
		{99FEE923-CDA7-4955-8F39-38AE69CCE307}.Debug|Any CPU.Build.0 = Debug|Any CPU
		{99FEE923-CDA7-4955-8F39-38AE69CCE307}.Release|Any CPU.ActiveCfg = Release|Any CPU
		{99FEE923-CDA7-4955-8F39-38AE69CCE307}.Release|Any CPU.Build.0 = Release|Any CPU
		{8844E141-8B28-4F28-87F2-817BBFE20D81}.Debug|Any CPU.ActiveCfg = Debug|Any CPU
		{8844E141-8B28-4F28-87F2-817BBFE20D81}.Debug|Any CPU.Build.0 = Debug|Any CPU
		{8844E141-8B28-4F28-87F2-817BBFE20D81}.Release|Any CPU.ActiveCfg = Release|Any CPU
		{8844E141-8B28-4F28-87F2-817BBFE20D81}.Release|Any CPU.Build.0 = Release|Any CPU
		{F84B58E1-969E-42BE-AC69-30579AA54A44}.Debug|Any CPU.ActiveCfg = Debug|Any CPU
		{F84B58E1-969E-42BE-AC69-30579AA54A44}.Debug|Any CPU.Build.0 = Debug|Any CPU
		{F84B58E1-969E-42BE-AC69-30579AA54A44}.Release|Any CPU.ActiveCfg = Release|Any CPU
		{F84B58E1-969E-42BE-AC69-30579AA54A44}.Release|Any CPU.Build.0 = Release|Any CPU
		{04E528DB-A604-4ABB-8195-096F3AF21FF3}.Debug|Any CPU.ActiveCfg = Debug|Any CPU
		{04E528DB-A604-4ABB-8195-096F3AF21FF3}.Debug|Any CPU.Build.0 = Debug|Any CPU
		{04E528DB-A604-4ABB-8195-096F3AF21FF3}.Release|Any CPU.ActiveCfg = Release|Any CPU
		{04E528DB-A604-4ABB-8195-096F3AF21FF3}.Release|Any CPU.Build.0 = Release|Any CPU
		{9080AAB0-304C-40C5-9788-DE85F36AB84E}.Debug|Any CPU.ActiveCfg = Debug|Any CPU
		{9080AAB0-304C-40C5-9788-DE85F36AB84E}.Debug|Any CPU.Build.0 = Debug|Any CPU
		{9080AAB0-304C-40C5-9788-DE85F36AB84E}.Release|Any CPU.ActiveCfg = Release|Any CPU
		{9080AAB0-304C-40C5-9788-DE85F36AB84E}.Release|Any CPU.Build.0 = Release|Any CPU
		{17E2611E-E37E-4FF3-A1D0-64A6D967A6BB}.Debug|Any CPU.ActiveCfg = Debug|Any CPU
		{17E2611E-E37E-4FF3-A1D0-64A6D967A6BB}.Debug|Any CPU.Build.0 = Debug|Any CPU
		{17E2611E-E37E-4FF3-A1D0-64A6D967A6BB}.Release|Any CPU.ActiveCfg = Release|Any CPU
		{17E2611E-E37E-4FF3-A1D0-64A6D967A6BB}.Release|Any CPU.Build.0 = Release|Any CPU
		{53B5A72A-D7A4-480C-80A5-E93117136BF5}.Debug|Any CPU.ActiveCfg = Debug|Any CPU
		{53B5A72A-D7A4-480C-80A5-E93117136BF5}.Debug|Any CPU.Build.0 = Debug|Any CPU
		{53B5A72A-D7A4-480C-80A5-E93117136BF5}.Release|Any CPU.ActiveCfg = Release|Any CPU
		{53B5A72A-D7A4-480C-80A5-E93117136BF5}.Release|Any CPU.Build.0 = Release|Any CPU
		{0F480611-A5B4-43A4-9F27-A6FC546BB964}.Debug|Any CPU.ActiveCfg = Debug|Any CPU
		{0F480611-A5B4-43A4-9F27-A6FC546BB964}.Debug|Any CPU.Build.0 = Debug|Any CPU
		{0F480611-A5B4-43A4-9F27-A6FC546BB964}.Release|Any CPU.ActiveCfg = Release|Any CPU
		{0F480611-A5B4-43A4-9F27-A6FC546BB964}.Release|Any CPU.Build.0 = Release|Any CPU
		{C551E6E8-72BA-46B7-BF0D-089182B54A60}.Debug|Any CPU.ActiveCfg = Debug|Any CPU
		{C551E6E8-72BA-46B7-BF0D-089182B54A60}.Debug|Any CPU.Build.0 = Debug|Any CPU
		{C551E6E8-72BA-46B7-BF0D-089182B54A60}.Release|Any CPU.ActiveCfg = Release|Any CPU
		{C551E6E8-72BA-46B7-BF0D-089182B54A60}.Release|Any CPU.Build.0 = Release|Any CPU
		{166D29F4-2FC2-4B67-8125-E33D39D075E0}.Debug|Any CPU.ActiveCfg = Debug|Any CPU
		{166D29F4-2FC2-4B67-8125-E33D39D075E0}.Debug|Any CPU.Build.0 = Debug|Any CPU
		{166D29F4-2FC2-4B67-8125-E33D39D075E0}.Release|Any CPU.ActiveCfg = Release|Any CPU
		{166D29F4-2FC2-4B67-8125-E33D39D075E0}.Release|Any CPU.Build.0 = Release|Any CPU
		{0A010D75-13B9-43FC-B858-ABB83B8C004A}.Debug|Any CPU.ActiveCfg = Debug|Any CPU
		{0A010D75-13B9-43FC-B858-ABB83B8C004A}.Debug|Any CPU.Build.0 = Debug|Any CPU
		{0A010D75-13B9-43FC-B858-ABB83B8C004A}.Release|Any CPU.ActiveCfg = Release|Any CPU
		{0A010D75-13B9-43FC-B858-ABB83B8C004A}.Release|Any CPU.Build.0 = Release|Any CPU
	EndGlobalSection
	GlobalSection(SolutionProperties) = preSolution
		HideSolutionNode = FALSE
	EndGlobalSection
	GlobalSection(ExtensibilityGlobals) = postSolution
		SolutionGuid = {189D0635-424F-4F22-8938-7212A76F7AC0}
	EndGlobalSection
EndGlobal
