
Microsoft Visual Studio Solution File, Format Version 12.00
# Visual Studio Version 16
VisualStudioVersion = 16.0.31005.135
MinimumVisualStudioVersion = 10.0.40219.1
Project("{9A19103F-16F7-4668-BE54-9A1E7A4F7556}") = "IntegralTypes", "IntegralTypes.csproj", "{2DC9A483-0C07-48C9-B2C9-88677125AF7E}"
EndProject
Project("{9A19103F-16F7-4668-BE54-9A1E7A4F7556}") = "IntegralLiterals", "..\IntegralLiterals\IntegralLiterals.csproj", "{8338C6D3-E616-4F5F-B30B-AC6FAD816328}"
EndProject
Project("{9A19103F-16F7-4668-BE54-9A1E7A4F7556}") = "SignedUnsigned", "..\SignedUnsigned\SignedUnsigned.csproj", "{D3869A31-BA05-4C60-BD50-08B6491C6016}"
EndProject
Project("{9A19103F-16F7-4668-BE54-9A1E7A4F7556}") = "Overflow", "..\Overflow\Overflow.csproj", "{98E9FD69-7A2B-4EED-A9F9-96096E8810DE}"
EndProject
Project("{9A19103F-16F7-4668-BE54-9A1E7A4F7556}") = "FloatingPoint", "..\FloatingPoint\FloatingPoint.csproj", "{D64C16E9-8EDD-46F0-9A67-37B18C8B023F}"
EndProject
Project("{9A19103F-16F7-4668-BE54-9A1E7A4F7556}") = "Decimal", "..\Decimal\Decimal.csproj", "{27EAE18D-9EDC-47CE-99F1-5030D1DAEE91}"
EndProject
Project("{9A19103F-16F7-4668-BE54-9A1E7A4F7556}") = "Char", "..\Char\Char.csproj", "{CAC9619F-E815-4049-8F43-6602D51BB9C4}"
EndProject
Project("{9A19103F-16F7-4668-BE54-9A1E7A4F7556}") = "String", "..\String\String.csproj", "{91AA04EC-259D-4307-8B7D-283A91C04362}"
EndProject
Project("{9A19103F-16F7-4668-BE54-9A1E7A4F7556}") = "Bool", "..\Bool\Bool.csproj", "{8146AA52-F9B2-4D97-A544-DFD61497639F}"
EndProject
Project("{9A19103F-16F7-4668-BE54-9A1E7A4F7556}") = "Object", "..\Object\Object.csproj", "{17BD202A-7FC0-474D-BD17-29D82AE906FF}"
EndProject
Project("{9A19103F-16F7-4668-BE54-9A1E7A4F7556}") = "BoxingUnboxing", "..\BoxingUnboxing\BoxingUnboxing.csproj", "{D09D391B-C4F3-4333-9D13-E9C0C3B937EA}"
EndProject
Project("{9A19103F-16F7-4668-BE54-9A1E7A4F7556}") = "IntegralConversion", "..\IntegralConversion\IntegralConversion.csproj", "{0CCB0119-8F19-4D7F-BD40-CFE47BCF989D}"
EndProject
Project("{9A19103F-16F7-4668-BE54-9A1E7A4F7556}") = "FloatConversion", "..\FloatConversion\FloatConversion.csproj", "{07183BEC-2E6A-44D8-80BB-FB1FD1AC4D0E}"
EndProject
Project("{9A19103F-16F7-4668-BE54-9A1E7A4F7556}") = "SignedUnsignedConversion", "..\SignedUnsignedConversion\SignedUnsignedConversion.csproj", "{1ACAC42E-D82C-4FDB-B85D-359D10DAD997}"
EndProject
Project("{9A19103F-16F7-4668-BE54-9A1E7A4F7556}") = "FloatToIntegral", "..\FloatToIntegral\FloatToIntegral.csproj", "{3204D45E-8687-4A96-8389-E87B5D739579}"
EndProject
Project("{9A19103F-16F7-4668-BE54-9A1E7A4F7556}") = "StringNumberConversion", "..\StringNumberConversion\StringNumberConversion.csproj", "{AB1CC7B9-7A94-4EF1-AE4F-FB9D4B1815FF}"
EndProject
Project("{9A19103F-16F7-4668-BE54-9A1E7A4F7556}") = "Constant", "..\Constant\Constant.csproj", "{B8D919E2-0375-406A-9193-218C625D5D57}"
EndProject
Project("{9A19103F-16F7-4668-BE54-9A1E7A4F7556}") = "Enum1", "..\Enum1\Enum1.csproj", "{E96963DF-1901-4FB7-AA15-C9A34FA300DC}"
EndProject
Project("{9A19103F-16F7-4668-BE54-9A1E7A4F7556}") = "Enum2", "..\Enum2\Enum2.csproj", "{8FC7D67E-C20D-4E57-8F8A-DBC3ED6A5951}"
EndProject
Project("{9A19103F-16F7-4668-BE54-9A1E7A4F7556}") = "Enum3", "..\Enum3\Enum3.csproj", "{E174A731-7460-4609-92F5-3BBA606E91EA}"
EndProject
Project("{9A19103F-16F7-4668-BE54-9A1E7A4F7556}") = "Nullable", "..\Nullable\Nullable.csproj", "{68D38350-CCBD-473D-9C56-E1CE9174FF59}"
EndProject
Project("{9A19103F-16F7-4668-BE54-9A1E7A4F7556}") = "UsingVar", "..\UsingVar\UsingVar.csproj", "{E7AA5BF9-20DF-4C6A-8E2C-DB3A16500681}"
EndProject
Project("{9A19103F-16F7-4668-BE54-9A1E7A4F7556}") = "CTS", "..\CTS\CTS.csproj", "{0488A182-C7E1-4D91-9639-854C3EEF2803}"
EndProject
Project("{9A19103F-16F7-4668-BE54-9A1E7A4F7556}") = "StringSearch", "..\StringSearch\StringSearch.csproj", "{7E288187-0D60-48D1-BC2B-03E8E3581B2E}"
EndProject
Project("{9A19103F-16F7-4668-BE54-9A1E7A4F7556}") = "StringModify", "..\StringModify\StringModify.csproj", "{18107A78-9AB2-4AA5-88F2-21152BBE2CAB}"
EndProject
Project("{9A19103F-16F7-4668-BE54-9A1E7A4F7556}") = "StringSlice", "..\StringSlice\StringSlice.csproj", "{11F152A2-EC8C-460D-A45D-530986C83932}"
EndProject
Project("{9A19103F-16F7-4668-BE54-9A1E7A4F7556}") = "StringFormatBasic", "..\StringFormatBasic\StringFormatBasic.csproj", "{CFC7EC31-888C-47C2-9D98-9AE187ED0CE3}"
EndProject
Project("{9A19103F-16F7-4668-BE54-9A1E7A4F7556}") = "StringFormatNumber", "..\StringFormatNumber\StringFormatNumber.csproj", "{2E594A85-781E-4294-909E-2A28630D6B45}"
EndProject
Project("{9A19103F-16F7-4668-BE54-9A1E7A4F7556}") = "StringFormatDatetime", "..\StringFormatDatetime\StringFormatDatetime.csproj", "{85134D6F-2EC4-4F89-9134-6362FE638859}"
EndProject
Project("{9A19103F-16F7-4668-BE54-9A1E7A4F7556}") = "StringInterpolation", "..\StringInterpolation\StringInterpolation.csproj", "{73B260A5-A9A3-4145-8919-D5DA933B2E05}"
EndProject
Project("{9A19103F-16F7-4668-BE54-9A1E7A4F7556}") = "연습문제1", "..\연습문제.1\연습문제1.csproj", "{BE94E343-C56B-47B9-9FBF-DFD8C82E3990}"
EndProject
Project("{9A19103F-16F7-4668-BE54-9A1E7A4F7556}") = "연습문제2", "..\연습문제2\연습문제2.csproj", "{92F274EA-4DC5-471A-A153-7CEFE118D265}"
EndProject
Global
	GlobalSection(SolutionConfigurationPlatforms) = preSolution
		Debug|Any CPU = Debug|Any CPU
		Release|Any CPU = Release|Any CPU
	EndGlobalSection
	GlobalSection(ProjectConfigurationPlatforms) = postSolution
		{2DC9A483-0C07-48C9-B2C9-88677125AF7E}.Debug|Any CPU.ActiveCfg = Debug|Any CPU
		{2DC9A483-0C07-48C9-B2C9-88677125AF7E}.Debug|Any CPU.Build.0 = Debug|Any CPU
		{2DC9A483-0C07-48C9-B2C9-88677125AF7E}.Release|Any CPU.ActiveCfg = Release|Any CPU
		{2DC9A483-0C07-48C9-B2C9-88677125AF7E}.Release|Any CPU.Build.0 = Release|Any CPU
		{8338C6D3-E616-4F5F-B30B-AC6FAD816328}.Debug|Any CPU.ActiveCfg = Debug|Any CPU
		{8338C6D3-E616-4F5F-B30B-AC6FAD816328}.Debug|Any CPU.Build.0 = Debug|Any CPU
		{8338C6D3-E616-4F5F-B30B-AC6FAD816328}.Release|Any CPU.ActiveCfg = Release|Any CPU
		{8338C6D3-E616-4F5F-B30B-AC6FAD816328}.Release|Any CPU.Build.0 = Release|Any CPU
		{D3869A31-BA05-4C60-BD50-08B6491C6016}.Debug|Any CPU.ActiveCfg = Debug|Any CPU
		{D3869A31-BA05-4C60-BD50-08B6491C6016}.Debug|Any CPU.Build.0 = Debug|Any CPU
		{D3869A31-BA05-4C60-BD50-08B6491C6016}.Release|Any CPU.ActiveCfg = Release|Any CPU
		{D3869A31-BA05-4C60-BD50-08B6491C6016}.Release|Any CPU.Build.0 = Release|Any CPU
		{98E9FD69-7A2B-4EED-A9F9-96096E8810DE}.Debug|Any CPU.ActiveCfg = Debug|Any CPU
		{98E9FD69-7A2B-4EED-A9F9-96096E8810DE}.Debug|Any CPU.Build.0 = Debug|Any CPU
		{98E9FD69-7A2B-4EED-A9F9-96096E8810DE}.Release|Any CPU.ActiveCfg = Release|Any CPU
		{98E9FD69-7A2B-4EED-A9F9-96096E8810DE}.Release|Any CPU.Build.0 = Release|Any CPU
		{D64C16E9-8EDD-46F0-9A67-37B18C8B023F}.Debug|Any CPU.ActiveCfg = Debug|Any CPU
		{D64C16E9-8EDD-46F0-9A67-37B18C8B023F}.Debug|Any CPU.Build.0 = Debug|Any CPU
		{D64C16E9-8EDD-46F0-9A67-37B18C8B023F}.Release|Any CPU.ActiveCfg = Release|Any CPU
		{D64C16E9-8EDD-46F0-9A67-37B18C8B023F}.Release|Any CPU.Build.0 = Release|Any CPU
		{27EAE18D-9EDC-47CE-99F1-5030D1DAEE91}.Debug|Any CPU.ActiveCfg = Debug|Any CPU
		{27EAE18D-9EDC-47CE-99F1-5030D1DAEE91}.Debug|Any CPU.Build.0 = Debug|Any CPU
		{27EAE18D-9EDC-47CE-99F1-5030D1DAEE91}.Release|Any CPU.ActiveCfg = Release|Any CPU
		{27EAE18D-9EDC-47CE-99F1-5030D1DAEE91}.Release|Any CPU.Build.0 = Release|Any CPU
		{CAC9619F-E815-4049-8F43-6602D51BB9C4}.Debug|Any CPU.ActiveCfg = Debug|Any CPU
		{CAC9619F-E815-4049-8F43-6602D51BB9C4}.Debug|Any CPU.Build.0 = Debug|Any CPU
		{CAC9619F-E815-4049-8F43-6602D51BB9C4}.Release|Any CPU.ActiveCfg = Release|Any CPU
		{CAC9619F-E815-4049-8F43-6602D51BB9C4}.Release|Any CPU.Build.0 = Release|Any CPU
		{91AA04EC-259D-4307-8B7D-283A91C04362}.Debug|Any CPU.ActiveCfg = Debug|Any CPU
		{91AA04EC-259D-4307-8B7D-283A91C04362}.Debug|Any CPU.Build.0 = Debug|Any CPU
		{91AA04EC-259D-4307-8B7D-283A91C04362}.Release|Any CPU.ActiveCfg = Release|Any CPU
		{91AA04EC-259D-4307-8B7D-283A91C04362}.Release|Any CPU.Build.0 = Release|Any CPU
		{8146AA52-F9B2-4D97-A544-DFD61497639F}.Debug|Any CPU.ActiveCfg = Debug|Any CPU
		{8146AA52-F9B2-4D97-A544-DFD61497639F}.Debug|Any CPU.Build.0 = Debug|Any CPU
		{8146AA52-F9B2-4D97-A544-DFD61497639F}.Release|Any CPU.ActiveCfg = Release|Any CPU
		{8146AA52-F9B2-4D97-A544-DFD61497639F}.Release|Any CPU.Build.0 = Release|Any CPU
		{17BD202A-7FC0-474D-BD17-29D82AE906FF}.Debug|Any CPU.ActiveCfg = Debug|Any CPU
		{17BD202A-7FC0-474D-BD17-29D82AE906FF}.Debug|Any CPU.Build.0 = Debug|Any CPU
		{17BD202A-7FC0-474D-BD17-29D82AE906FF}.Release|Any CPU.ActiveCfg = Release|Any CPU
		{17BD202A-7FC0-474D-BD17-29D82AE906FF}.Release|Any CPU.Build.0 = Release|Any CPU
		{D09D391B-C4F3-4333-9D13-E9C0C3B937EA}.Debug|Any CPU.ActiveCfg = Debug|Any CPU
		{D09D391B-C4F3-4333-9D13-E9C0C3B937EA}.Debug|Any CPU.Build.0 = Debug|Any CPU
		{D09D391B-C4F3-4333-9D13-E9C0C3B937EA}.Release|Any CPU.ActiveCfg = Release|Any CPU
		{D09D391B-C4F3-4333-9D13-E9C0C3B937EA}.Release|Any CPU.Build.0 = Release|Any CPU
		{0CCB0119-8F19-4D7F-BD40-CFE47BCF989D}.Debug|Any CPU.ActiveCfg = Debug|Any CPU
		{0CCB0119-8F19-4D7F-BD40-CFE47BCF989D}.Debug|Any CPU.Build.0 = Debug|Any CPU
		{0CCB0119-8F19-4D7F-BD40-CFE47BCF989D}.Release|Any CPU.ActiveCfg = Release|Any CPU
		{0CCB0119-8F19-4D7F-BD40-CFE47BCF989D}.Release|Any CPU.Build.0 = Release|Any CPU
		{07183BEC-2E6A-44D8-80BB-FB1FD1AC4D0E}.Debug|Any CPU.ActiveCfg = Debug|Any CPU
		{07183BEC-2E6A-44D8-80BB-FB1FD1AC4D0E}.Debug|Any CPU.Build.0 = Debug|Any CPU
		{07183BEC-2E6A-44D8-80BB-FB1FD1AC4D0E}.Release|Any CPU.ActiveCfg = Release|Any CPU
		{07183BEC-2E6A-44D8-80BB-FB1FD1AC4D0E}.Release|Any CPU.Build.0 = Release|Any CPU
		{1ACAC42E-D82C-4FDB-B85D-359D10DAD997}.Debug|Any CPU.ActiveCfg = Debug|Any CPU
		{1ACAC42E-D82C-4FDB-B85D-359D10DAD997}.Debug|Any CPU.Build.0 = Debug|Any CPU
		{1ACAC42E-D82C-4FDB-B85D-359D10DAD997}.Release|Any CPU.ActiveCfg = Release|Any CPU
		{1ACAC42E-D82C-4FDB-B85D-359D10DAD997}.Release|Any CPU.Build.0 = Release|Any CPU
		{3204D45E-8687-4A96-8389-E87B5D739579}.Debug|Any CPU.ActiveCfg = Debug|Any CPU
		{3204D45E-8687-4A96-8389-E87B5D739579}.Debug|Any CPU.Build.0 = Debug|Any CPU
		{3204D45E-8687-4A96-8389-E87B5D739579}.Release|Any CPU.ActiveCfg = Release|Any CPU
		{3204D45E-8687-4A96-8389-E87B5D739579}.Release|Any CPU.Build.0 = Release|Any CPU
		{AB1CC7B9-7A94-4EF1-AE4F-FB9D4B1815FF}.Debug|Any CPU.ActiveCfg = Debug|Any CPU
		{AB1CC7B9-7A94-4EF1-AE4F-FB9D4B1815FF}.Debug|Any CPU.Build.0 = Debug|Any CPU
		{AB1CC7B9-7A94-4EF1-AE4F-FB9D4B1815FF}.Release|Any CPU.ActiveCfg = Release|Any CPU
		{AB1CC7B9-7A94-4EF1-AE4F-FB9D4B1815FF}.Release|Any CPU.Build.0 = Release|Any CPU
		{B8D919E2-0375-406A-9193-218C625D5D57}.Debug|Any CPU.ActiveCfg = Debug|Any CPU
		{B8D919E2-0375-406A-9193-218C625D5D57}.Debug|Any CPU.Build.0 = Debug|Any CPU
		{B8D919E2-0375-406A-9193-218C625D5D57}.Release|Any CPU.ActiveCfg = Release|Any CPU
		{B8D919E2-0375-406A-9193-218C625D5D57}.Release|Any CPU.Build.0 = Release|Any CPU
		{E96963DF-1901-4FB7-AA15-C9A34FA300DC}.Debug|Any CPU.ActiveCfg = Debug|Any CPU
		{E96963DF-1901-4FB7-AA15-C9A34FA300DC}.Debug|Any CPU.Build.0 = Debug|Any CPU
		{E96963DF-1901-4FB7-AA15-C9A34FA300DC}.Release|Any CPU.ActiveCfg = Release|Any CPU
		{E96963DF-1901-4FB7-AA15-C9A34FA300DC}.Release|Any CPU.Build.0 = Release|Any CPU
		{8FC7D67E-C20D-4E57-8F8A-DBC3ED6A5951}.Debug|Any CPU.ActiveCfg = Debug|Any CPU
		{8FC7D67E-C20D-4E57-8F8A-DBC3ED6A5951}.Debug|Any CPU.Build.0 = Debug|Any CPU
		{8FC7D67E-C20D-4E57-8F8A-DBC3ED6A5951}.Release|Any CPU.ActiveCfg = Release|Any CPU
		{8FC7D67E-C20D-4E57-8F8A-DBC3ED6A5951}.Release|Any CPU.Build.0 = Release|Any CPU
		{E174A731-7460-4609-92F5-3BBA606E91EA}.Debug|Any CPU.ActiveCfg = Debug|Any CPU
		{E174A731-7460-4609-92F5-3BBA606E91EA}.Debug|Any CPU.Build.0 = Debug|Any CPU
		{E174A731-7460-4609-92F5-3BBA606E91EA}.Release|Any CPU.ActiveCfg = Release|Any CPU
		{E174A731-7460-4609-92F5-3BBA606E91EA}.Release|Any CPU.Build.0 = Release|Any CPU
		{68D38350-CCBD-473D-9C56-E1CE9174FF59}.Debug|Any CPU.ActiveCfg = Debug|Any CPU
		{68D38350-CCBD-473D-9C56-E1CE9174FF59}.Debug|Any CPU.Build.0 = Debug|Any CPU
		{68D38350-CCBD-473D-9C56-E1CE9174FF59}.Release|Any CPU.ActiveCfg = Release|Any CPU
		{68D38350-CCBD-473D-9C56-E1CE9174FF59}.Release|Any CPU.Build.0 = Release|Any CPU
		{E7AA5BF9-20DF-4C6A-8E2C-DB3A16500681}.Debug|Any CPU.ActiveCfg = Debug|Any CPU
		{E7AA5BF9-20DF-4C6A-8E2C-DB3A16500681}.Debug|Any CPU.Build.0 = Debug|Any CPU
		{E7AA5BF9-20DF-4C6A-8E2C-DB3A16500681}.Release|Any CPU.ActiveCfg = Release|Any CPU
		{E7AA5BF9-20DF-4C6A-8E2C-DB3A16500681}.Release|Any CPU.Build.0 = Release|Any CPU
		{0488A182-C7E1-4D91-9639-854C3EEF2803}.Debug|Any CPU.ActiveCfg = Debug|Any CPU
		{0488A182-C7E1-4D91-9639-854C3EEF2803}.Debug|Any CPU.Build.0 = Debug|Any CPU
		{0488A182-C7E1-4D91-9639-854C3EEF2803}.Release|Any CPU.ActiveCfg = Release|Any CPU
		{0488A182-C7E1-4D91-9639-854C3EEF2803}.Release|Any CPU.Build.0 = Release|Any CPU
		{7E288187-0D60-48D1-BC2B-03E8E3581B2E}.Debug|Any CPU.ActiveCfg = Debug|Any CPU
		{7E288187-0D60-48D1-BC2B-03E8E3581B2E}.Debug|Any CPU.Build.0 = Debug|Any CPU
		{7E288187-0D60-48D1-BC2B-03E8E3581B2E}.Release|Any CPU.ActiveCfg = Release|Any CPU
		{7E288187-0D60-48D1-BC2B-03E8E3581B2E}.Release|Any CPU.Build.0 = Release|Any CPU
		{18107A78-9AB2-4AA5-88F2-21152BBE2CAB}.Debug|Any CPU.ActiveCfg = Debug|Any CPU
		{18107A78-9AB2-4AA5-88F2-21152BBE2CAB}.Debug|Any CPU.Build.0 = Debug|Any CPU
		{18107A78-9AB2-4AA5-88F2-21152BBE2CAB}.Release|Any CPU.ActiveCfg = Release|Any CPU
		{18107A78-9AB2-4AA5-88F2-21152BBE2CAB}.Release|Any CPU.Build.0 = Release|Any CPU
		{11F152A2-EC8C-460D-A45D-530986C83932}.Debug|Any CPU.ActiveCfg = Debug|Any CPU
		{11F152A2-EC8C-460D-A45D-530986C83932}.Debug|Any CPU.Build.0 = Debug|Any CPU
		{11F152A2-EC8C-460D-A45D-530986C83932}.Release|Any CPU.ActiveCfg = Release|Any CPU
		{11F152A2-EC8C-460D-A45D-530986C83932}.Release|Any CPU.Build.0 = Release|Any CPU
		{CFC7EC31-888C-47C2-9D98-9AE187ED0CE3}.Debug|Any CPU.ActiveCfg = Debug|Any CPU
		{CFC7EC31-888C-47C2-9D98-9AE187ED0CE3}.Debug|Any CPU.Build.0 = Debug|Any CPU
		{CFC7EC31-888C-47C2-9D98-9AE187ED0CE3}.Release|Any CPU.ActiveCfg = Release|Any CPU
		{CFC7EC31-888C-47C2-9D98-9AE187ED0CE3}.Release|Any CPU.Build.0 = Release|Any CPU
		{2E594A85-781E-4294-909E-2A28630D6B45}.Debug|Any CPU.ActiveCfg = Debug|Any CPU
		{2E594A85-781E-4294-909E-2A28630D6B45}.Debug|Any CPU.Build.0 = Debug|Any CPU
		{2E594A85-781E-4294-909E-2A28630D6B45}.Release|Any CPU.ActiveCfg = Release|Any CPU
		{2E594A85-781E-4294-909E-2A28630D6B45}.Release|Any CPU.Build.0 = Release|Any CPU
		{85134D6F-2EC4-4F89-9134-6362FE638859}.Debug|Any CPU.ActiveCfg = Debug|Any CPU
		{85134D6F-2EC4-4F89-9134-6362FE638859}.Debug|Any CPU.Build.0 = Debug|Any CPU
		{85134D6F-2EC4-4F89-9134-6362FE638859}.Release|Any CPU.ActiveCfg = Release|Any CPU
		{85134D6F-2EC4-4F89-9134-6362FE638859}.Release|Any CPU.Build.0 = Release|Any CPU
		{73B260A5-A9A3-4145-8919-D5DA933B2E05}.Debug|Any CPU.ActiveCfg = Debug|Any CPU
		{73B260A5-A9A3-4145-8919-D5DA933B2E05}.Debug|Any CPU.Build.0 = Debug|Any CPU
		{73B260A5-A9A3-4145-8919-D5DA933B2E05}.Release|Any CPU.ActiveCfg = Release|Any CPU
		{73B260A5-A9A3-4145-8919-D5DA933B2E05}.Release|Any CPU.Build.0 = Release|Any CPU
		{BE94E343-C56B-47B9-9FBF-DFD8C82E3990}.Debug|Any CPU.ActiveCfg = Debug|Any CPU
		{BE94E343-C56B-47B9-9FBF-DFD8C82E3990}.Debug|Any CPU.Build.0 = Debug|Any CPU
		{BE94E343-C56B-47B9-9FBF-DFD8C82E3990}.Release|Any CPU.ActiveCfg = Release|Any CPU
		{BE94E343-C56B-47B9-9FBF-DFD8C82E3990}.Release|Any CPU.Build.0 = Release|Any CPU
		{92F274EA-4DC5-471A-A153-7CEFE118D265}.Debug|Any CPU.ActiveCfg = Debug|Any CPU
		{92F274EA-4DC5-471A-A153-7CEFE118D265}.Debug|Any CPU.Build.0 = Debug|Any CPU
		{92F274EA-4DC5-471A-A153-7CEFE118D265}.Release|Any CPU.ActiveCfg = Release|Any CPU
		{92F274EA-4DC5-471A-A153-7CEFE118D265}.Release|Any CPU.Build.0 = Release|Any CPU
	EndGlobalSection
	GlobalSection(SolutionProperties) = preSolution
		HideSolutionNode = FALSE
	EndGlobalSection
	GlobalSection(ExtensibilityGlobals) = postSolution
		SolutionGuid = {AC05F780-04B9-4E75-AD55-C0010A3121E0}
	EndGlobalSection
EndGlobal
